
Microsoft Visual Studio Solution File, Format Version 12.00
# Visual Studio 14
VisualStudioVersion = 14.0.25420.1
MinimumVisualStudioVersion = 10.0.40219.1
Project("{8BC9CEB8-8B4A-11D0-8D11-00A0C91BC942}") = "searching", "searching\searching.vcxproj", "{736E39C3-3DCE-4734-BB03-B3C36C2D0D22}"
EndProject
Project("{8BC9CEB8-8B4A-11D0-8D11-00A0C91BC942}") = "sorting", "sorting\sorting.vcxproj", "{04D81582-68D8-4616-BACB-07AD348E5AFB}"
EndProject
Global
	GlobalSection(SolutionConfigurationPlatforms) = preSolution
		Debug|x64 = Debug|x64
		Debug|x86 = Debug|x86
		Release|x64 = Release|x64
		Release|x86 = Release|x86
	EndGlobalSection
	GlobalSection(ProjectConfigurationPlatforms) = postSolution
		{736E39C3-3DCE-4734-BB03-B3C36C2D0D22}.Debug|x64.ActiveCfg = Debug|x64
		{736E39C3-3DCE-4734-BB03-B3C36C2D0D22}.Debug|x64.Build.0 = Debug|x64
		{736E39C3-3DCE-4734-BB03-B3C36C2D0D22}.Debug|x86.ActiveCfg = Debug|Win32
		{736E39C3-3DCE-4734-BB03-B3C36C2D0D22}.Debug|x86.Build.0 = Debug|Win32
		{736E39C3-3DCE-4734-BB03-B3C36C2D0D22}.Release|x64.ActiveCfg = Release|x64
		{736E39C3-3DCE-4734-BB03-B3C36C2D0D22}.Release|x64.Build.0 = Release|x64
		{736E39C3-3DCE-4734-BB03-B3C36C2D0D22}.Release|x86.ActiveCfg = Release|Win32
		{736E39C3-3DCE-4734-BB03-B3C36C2D0D22}.Release|x86.Build.0 = Release|Win32
		{04D81582-68D8-4616-BACB-07AD348E5AFB}.Debug|x64.ActiveCfg = Debug|x64
		{04D81582-68D8-4616-BACB-07AD348E5AFB}.Debug|x64.Build.0 = Debug|x64
		{04D81582-68D8-4616-BACB-07AD348E5AFB}.Debug|x86.ActiveCfg = Debug|Win32
		{04D81582-68D8-4616-BACB-07AD348E5AFB}.Debug|x86.Build.0 = Debug|Win32
		{04D81582-68D8-4616-BACB-07AD348E5AFB}.Release|x64.ActiveCfg = Release|x64
		{04D81582-68D8-4616-BACB-07AD348E5AFB}.Release|x64.Build.0 = Release|x64
		{04D81582-68D8-4616-BACB-07AD348E5AFB}.Release|x86.ActiveCfg = Release|Win32
		{04D81582-68D8-4616-BACB-07AD348E5AFB}.Release|x86.Build.0 = Release|Win32
	EndGlobalSection
	GlobalSection(SolutionProperties) = preSolution
		HideSolutionNode = FALSE
	EndGlobalSection
EndGlobal
